{
  "name": "JSNet.Api",
  "version": "1.0.0",
  "lockfileVersion": 1,
  "requires": true,
  "dependencies": {
    "jsnet-core": {
      "version": "1.0.1",
      "resolved": "https://registry.npmjs.org/jsnet-core/-/jsnet-core-1.0.1.tgz",
      "integrity": "sha512-ZgLefidofnpajW3pm8090poEenhcTgpqpUYEDdVk21wKAC09xWPwb1CcVrvIxpMb7pYOoptcdP36bBOpwlLN9Q=="
    }
  }
}
